
Microsoft Visual Studio Solution File, Format Version 12.00
# Visual Studio Version 17
VisualStudioVersion = 17.0.31903.59
MinimumVisualStudioVersion = 10.0.40219.1
Project("{2150E333-8FDC-42A3-9474-1A3956D46DE8}") = "src", "src", "{827E0CD3-B72D-47B6-A68D-7590B98EB39B}"
EndProject
Project("{FAE04EC0-301F-11D3-BF4B-00C04F79EFBC}") = "NexoPark.API", "src\NexoPark.API\NexoPark.API.csproj", "{A8D24319-B96B-46D9-B613-A53EE4747BC8}"
EndProject
Project("{FAE04EC0-301F-11D3-BF4B-00C04F79EFBC}") = "NexoPark.Core", "src\NexoPark.Core\NexoPark.Core.csproj", "{BD656B7D-97C7-487B-9B25-72CD4CA155EE}"
EndProject
Project("{FAE04EC0-301F-11D3-BF4B-00C04F79EFBC}") = "NexoPark.Infra", "src\NexoPark.Infra\NexoPark.Infra.csproj", "{0C22DD5B-95AF-4DBB-8560-96F970072CCC}"
EndProject
Project("{2150E333-8FDC-42A3-9474-1A3956D46DE8}") = "tests", "tests", "{0AB3BF05-4346-4AA6-1389-037BE0695223}"
EndProject
Project("{FAE04EC0-301F-11D3-BF4B-00C04F79EFBC}") = "NexoPark.Tests.Unit", "tests\NexoPark.Tests.Unit\NexoPark.Tests.Unit.csproj", "{177E56C4-FEB1-4E27-9314-080C723787BF}"
EndProject
Project("{FAE04EC0-301F-11D3-BF4B-00C04F79EFBC}") = "NexoPark.Tests.Integration", "tests\NexoPark.Tests.Integration\NexoPark.Tests.Integration.csproj", "{7D9A90AA-7C68-4E67-BF0A-E0E577AC432A}"
EndProject
Global
	GlobalSection(SolutionConfigurationPlatforms) = preSolution
		Debug|Any CPU = Debug|Any CPU
		Debug|x64 = Debug|x64
		Debug|x86 = Debug|x86
		Release|Any CPU = Release|Any CPU
		Release|x64 = Release|x64
		Release|x86 = Release|x86
	EndGlobalSection
	GlobalSection(ProjectConfigurationPlatforms) = postSolution
		{A8D24319-B96B-46D9-B613-A53EE4747BC8}.Debug|Any CPU.ActiveCfg = Debug|Any CPU
		{A8D24319-B96B-46D9-B613-A53EE4747BC8}.Debug|Any CPU.Build.0 = Debug|Any CPU
		{A8D24319-B96B-46D9-B613-A53EE4747BC8}.Debug|x64.ActiveCfg = Debug|Any CPU
		{A8D24319-B96B-46D9-B613-A53EE4747BC8}.Debug|x64.Build.0 = Debug|Any CPU
		{A8D24319-B96B-46D9-B613-A53EE4747BC8}.Debug|x86.ActiveCfg = Debug|Any CPU
		{A8D24319-B96B-46D9-B613-A53EE4747BC8}.Debug|x86.Build.0 = Debug|Any CPU
		{A8D24319-B96B-46D9-B613-A53EE4747BC8}.Release|Any CPU.ActiveCfg = Release|Any CPU
		{A8D24319-B96B-46D9-B613-A53EE4747BC8}.Release|Any CPU.Build.0 = Release|Any CPU
		{A8D24319-B96B-46D9-B613-A53EE4747BC8}.Release|x64.ActiveCfg = Release|Any CPU
		{A8D24319-B96B-46D9-B613-A53EE4747BC8}.Release|x64.Build.0 = Release|Any CPU
		{A8D24319-B96B-46D9-B613-A53EE4747BC8}.Release|x86.ActiveCfg = Release|Any CPU
		{A8D24319-B96B-46D9-B613-A53EE4747BC8}.Release|x86.Build.0 = Release|Any CPU
		{BD656B7D-97C7-487B-9B25-72CD4CA155EE}.Debug|Any CPU.ActiveCfg = Debug|Any CPU
		{BD656B7D-97C7-487B-9B25-72CD4CA155EE}.Debug|Any CPU.Build.0 = Debug|Any CPU
		{BD656B7D-97C7-487B-9B25-72CD4CA155EE}.Debug|x64.ActiveCfg = Debug|Any CPU
		{BD656B7D-97C7-487B-9B25-72CD4CA155EE}.Debug|x64.Build.0 = Debug|Any CPU
		{BD656B7D-97C7-487B-9B25-72CD4CA155EE}.Debug|x86.ActiveCfg = Debug|Any CPU
		{BD656B7D-97C7-487B-9B25-72CD4CA155EE}.Debug|x86.Build.0 = Debug|Any CPU
		{BD656B7D-97C7-487B-9B25-72CD4CA155EE}.Release|Any CPU.ActiveCfg = Release|Any CPU
		{BD656B7D-97C7-487B-9B25-72CD4CA155EE}.Release|Any CPU.Build.0 = Release|Any CPU
		{BD656B7D-97C7-487B-9B25-72CD4CA155EE}.Release|x64.ActiveCfg = Release|Any CPU
		{BD656B7D-97C7-487B-9B25-72CD4CA155EE}.Release|x64.Build.0 = Release|Any CPU
		{BD656B7D-97C7-487B-9B25-72CD4CA155EE}.Release|x86.ActiveCfg = Release|Any CPU
		{BD656B7D-97C7-487B-9B25-72CD4CA155EE}.Release|x86.Build.0 = Release|Any CPU
		{0C22DD5B-95AF-4DBB-8560-96F970072CCC}.Debug|Any CPU.ActiveCfg = Debug|Any CPU
		{0C22DD5B-95AF-4DBB-8560-96F970072CCC}.Debug|Any CPU.Build.0 = Debug|Any CPU
		{0C22DD5B-95AF-4DBB-8560-96F970072CCC}.Debug|x64.ActiveCfg = Debug|Any CPU
		{0C22DD5B-95AF-4DBB-8560-96F970072CCC}.Debug|x64.Build.0 = Debug|Any CPU
		{0C22DD5B-95AF-4DBB-8560-96F970072CCC}.Debug|x86.ActiveCfg = Debug|Any CPU
		{0C22DD5B-95AF-4DBB-8560-96F970072CCC}.Debug|x86.Build.0 = Debug|Any CPU
		{0C22DD5B-95AF-4DBB-8560-96F970072CCC}.Release|Any CPU.ActiveCfg = Release|Any CPU
		{0C22DD5B-95AF-4DBB-8560-96F970072CCC}.Release|Any CPU.Build.0 = Release|Any CPU
		{0C22DD5B-95AF-4DBB-8560-96F970072CCC}.Release|x64.ActiveCfg = Release|Any CPU
		{0C22DD5B-95AF-4DBB-8560-96F970072CCC}.Release|x64.Build.0 = Release|Any CPU
		{0C22DD5B-95AF-4DBB-8560-96F970072CCC}.Release|x86.ActiveCfg = Release|Any CPU
		{0C22DD5B-95AF-4DBB-8560-96F970072CCC}.Release|x86.Build.0 = Release|Any CPU
		{177E56C4-FEB1-4E27-9314-080C723787BF}.Debug|Any CPU.ActiveCfg = Debug|Any CPU
		{177E56C4-FEB1-4E27-9314-080C723787BF}.Debug|Any CPU.Build.0 = Debug|Any CPU
		{177E56C4-FEB1-4E27-9314-080C723787BF}.Debug|x64.ActiveCfg = Debug|Any CPU
		{177E56C4-FEB1-4E27-9314-080C723787BF}.Debug|x64.Build.0 = Debug|Any CPU
		{177E56C4-FEB1-4E27-9314-080C723787BF}.Debug|x86.ActiveCfg = Debug|Any CPU
		{177E56C4-FEB1-4E27-9314-080C723787BF}.Debug|x86.Build.0 = Debug|Any CPU
		{177E56C4-FEB1-4E27-9314-080C723787BF}.Release|Any CPU.ActiveCfg = Release|Any CPU
		{177E56C4-FEB1-4E27-9314-080C723787BF}.Release|Any CPU.Build.0 = Release|Any CPU
		{177E56C4-FEB1-4E27-9314-080C723787BF}.Release|x64.ActiveCfg = Release|Any CPU
		{177E56C4-FEB1-4E27-9314-080C723787BF}.Release|x64.Build.0 = Release|Any CPU
		{177E56C4-FEB1-4E27-9314-080C723787BF}.Release|x86.ActiveCfg = Release|Any CPU
		{177E56C4-FEB1-4E27-9314-080C723787BF}.Release|x86.Build.0 = Release|Any CPU
		{7D9A90AA-7C68-4E67-BF0A-E0E577AC432A}.Debug|Any CPU.ActiveCfg = Debug|Any CPU
		{7D9A90AA-7C68-4E67-BF0A-E0E577AC432A}.Debug|Any CPU.Build.0 = Debug|Any CPU
		{7D9A90AA-7C68-4E67-BF0A-E0E577AC432A}.Debug|x64.ActiveCfg = Debug|Any CPU
		{7D9A90AA-7C68-4E67-BF0A-E0E577AC432A}.Debug|x64.Build.0 = Debug|Any CPU
		{7D9A90AA-7C68-4E67-BF0A-E0E577AC432A}.Debug|x86.ActiveCfg = Debug|Any CPU
		{7D9A90AA-7C68-4E67-BF0A-E0E577AC432A}.Debug|x86.Build.0 = Debug|Any CPU
		{7D9A90AA-7C68-4E67-BF0A-E0E577AC432A}.Release|Any CPU.ActiveCfg = Release|Any CPU
		{7D9A90AA-7C68-4E67-BF0A-E0E577AC432A}.Release|Any CPU.Build.0 = Release|Any CPU
		{7D9A90AA-7C68-4E67-BF0A-E0E577AC432A}.Release|x64.ActiveCfg = Release|Any CPU
		{7D9A90AA-7C68-4E67-BF0A-E0E577AC432A}.Release|x64.Build.0 = Release|Any CPU
		{7D9A90AA-7C68-4E67-BF0A-E0E577AC432A}.Release|x86.ActiveCfg = Release|Any CPU
		{7D9A90AA-7C68-4E67-BF0A-E0E577AC432A}.Release|x86.Build.0 = Release|Any CPU
	EndGlobalSection
	GlobalSection(SolutionProperties) = preSolution
		HideSolutionNode = FALSE
	EndGlobalSection
	GlobalSection(NestedProjects) = preSolution
		{A8D24319-B96B-46D9-B613-A53EE4747BC8} = {827E0CD3-B72D-47B6-A68D-7590B98EB39B}
		{BD656B7D-97C7-487B-9B25-72CD4CA155EE} = {827E0CD3-B72D-47B6-A68D-7590B98EB39B}
		{0C22DD5B-95AF-4DBB-8560-96F970072CCC} = {827E0CD3-B72D-47B6-A68D-7590B98EB39B}
		{177E56C4-FEB1-4E27-9314-080C723787BF} = {0AB3BF05-4346-4AA6-1389-037BE0695223}
		{7D9A90AA-7C68-4E67-BF0A-E0E577AC432A} = {0AB3BF05-4346-4AA6-1389-037BE0695223}
	EndGlobalSection
EndGlobal
